<Solution>
  <Project Path="FootballBlazorApp/FootballBlazorApp.csproj" />
  <Project Path="FootballBlazorAppAutomationTest/FootballBlazorAppAutomationUITests.csproj" />
  <Project Path="FootballEngine/FootballDataEngine.csproj" />
  <Project Path="FootballEngineTesterApp/FootballEngineTesterApp.csproj" />
  <Project Path="FootballShared/FootballShared.csproj" />
  <Project Path="FootballUnitTest/FootballEngineUnitTests.csproj" />
</Solution>
